
Microsoft Visual Studio Solution File, Format Version 12.00
# Visual Studio Version 17
VisualStudioVersion = 17.4.33403.182
MinimumVisualStudioVersion = 10.0.40219.1
Project("{FAE04EC0-301F-11D3-BF4B-00C04F79EFBC}") = "WebApplication13", "WebApplication13\WebApplication13.csproj", "{EFE6EA93-7E8C-4B77-AFC1-9704CEEC69BC}"
EndProject
Global
	GlobalSection(SolutionConfigurationPlatforms) = preSolution
		Debug|Any CPU = Debug|Any CPU
		Release|Any CPU = Release|Any CPU
	EndGlobalSection
	GlobalSection(ProjectConfigurationPlatforms) = postSolution
		{EFE6EA93-7E8C-4B77-AFC1-9704CEEC69BC}.Debug|Any CPU.ActiveCfg = Debug|Any CPU
		{EFE6EA93-7E8C-4B77-AFC1-9704CEEC69BC}.Debug|Any CPU.Build.0 = Debug|Any CPU
		{EFE6EA93-7E8C-4B77-AFC1-9704CEEC69BC}.Release|Any CPU.ActiveCfg = Release|Any CPU
		{EFE6EA93-7E8C-4B77-AFC1-9704CEEC69BC}.Release|Any CPU.Build.0 = Release|Any CPU
	EndGlobalSection
	GlobalSection(SolutionProperties) = preSolution
		HideSolutionNode = FALSE
	EndGlobalSection
	GlobalSection(ExtensibilityGlobals) = postSolution
		SolutionGuid = {5679C645-FF87-408C-ACA3-2C503FF81059}
	EndGlobalSection
EndGlobal
